// !$*UTF8*$!
{
	archiveVersion = 1;
	classes = {
	};
	objectVersion = 56;
	objects = {

/* Begin PBXBuildFile section */
		20202C2B296AC00A00CF61F9 /* ZikrFormView.swift in Sources */ = {isa = PBXBuildFile; fileRef = 20202C2A296AC00A00CF61F9 /* ZikrFormView.swift */; };
		20305FC42974865A00904083 /* ColorGradients.swift in Sources */ = {isa = PBXBuildFile; fileRef = 20305FC32974865A00904083 /* ColorGradients.swift */; };
		206349912979D61300E010A2 /* clickSound.wav in Resources */ = {isa = PBXBuildFile; fileRef = 206349902979D61300E010A2 /* clickSound.wav */; };
		2087928D297028F3007FDCDD /* ViewModel.swift in Sources */ = {isa = PBXBuildFile; fileRef = 2087928C297028F3007FDCDD /* ViewModel.swift */; };
		20895E76296AE8F1002234B6 /* ZikrListView.swift in Sources */ = {isa = PBXBuildFile; fileRef = 20895E75296AE8F1002234B6 /* ZikrListView.swift */; };
		20CD24CE296B401300796F02 /* ZikrCounterView.swift in Sources */ = {isa = PBXBuildFile; fileRef = 20CD24CD296B401300796F02 /* ZikrCounterView.swift */; };
		20FE9DA92968756400730DDB /* ZikrCounterApp.swift in Sources */ = {isa = PBXBuildFile; fileRef = 20FE9DA82968756400730DDB /* ZikrCounterApp.swift */; };
		20FE9DAB2968756400730DDB /* ContentView.swift in Sources */ = {isa = PBXBuildFile; fileRef = 20FE9DAA2968756400730DDB /* ContentView.swift */; };
		20FE9DAD2968756400730DDB /* Assets.xcassets in Resources */ = {isa = PBXBuildFile; fileRef = 20FE9DAC2968756400730DDB /* Assets.xcassets */; };
		20FE9DB02968756400730DDB /* Preview Assets.xcassets in Resources */ = {isa = PBXBuildFile; fileRef = 20FE9DAF2968756400730DDB /* Preview Assets.xcassets */; };
		20FE9DB72969BBA500730DDB /*  Zikr.swift in Sources */ = {isa = PBXBuildFile; fileRef = 20FE9DB62969BBA500730DDB /*  Zikr.swift */; };
		20FE9DBA2969BF1D00730DDB /* Realm in Frameworks */ = {isa = PBXBuildFile; productRef = 20FE9DB92969BF1D00730DDB /* Realm */; };
		20FE9DBC2969BF1D00730DDB /* RealmSwift in Frameworks */ = {isa = PBXBuildFile; productRef = 20FE9DBB2969BF1D00730DDB /* RealmSwift */; };
		20FE9DC02969CE2300730DDB /* ZikrRowView.swift in Sources */ = {isa = PBXBuildFile; fileRef = 20FE9DBF2969CE2300730DDB /* ZikrRowView.swift */; };
		20FE9DC22969CEB500730DDB /* ZikrMock.swift in Sources */ = {isa = PBXBuildFile; fileRef = 20FE9DC12969CEB500730DDB /* ZikrMock.swift */; };
/* End PBXBuildFile section */

/* Begin PBXFileReference section */
		20202C2A296AC00A00CF61F9 /* ZikrFormView.swift */ = {isa = PBXFileReference; lastKnownFileType = sourcecode.swift; path = ZikrFormView.swift; sourceTree = "<group>"; };
		20305FC32974865A00904083 /* ColorGradients.swift */ = {isa = PBXFileReference; lastKnownFileType = sourcecode.swift; path = ColorGradients.swift; sourceTree = "<group>"; };
		206349902979D61300E010A2 /* clickSound.wav */ = {isa = PBXFileReference; lastKnownFileType = audio.wav; path = clickSound.wav; sourceTree = "<group>"; };
		2087928C297028F3007FDCDD /* ViewModel.swift */ = {isa = PBXFileReference; lastKnownFileType = sourcecode.swift; path = ViewModel.swift; sourceTree = "<group>"; };
		20895E75296AE8F1002234B6 /* ZikrListView.swift */ = {isa = PBXFileReference; lastKnownFileType = sourcecode.swift; path = ZikrListView.swift; sourceTree = "<group>"; };
		20CD24CD296B401300796F02 /* ZikrCounterView.swift */ = {isa = PBXFileReference; lastKnownFileType = sourcecode.swift; path = ZikrCounterView.swift; sourceTree = "<group>"; };
		20FE9DA52968756400730DDB /* ZikrCounter.app */ = {isa = PBXFileReference; explicitFileType = wrapper.application; includeInIndex = 0; path = ZikrCounter.app; sourceTree = BUILT_PRODUCTS_DIR; };
		20FE9DA82968756400730DDB /* ZikrCounterApp.swift */ = {isa = PBXFileReference; lastKnownFileType = sourcecode.swift; path = ZikrCounterApp.swift; sourceTree = "<group>"; };
		20FE9DAA2968756400730DDB /* ContentView.swift */ = {isa = PBXFileReference; lastKnownFileType = sourcecode.swift; path = ContentView.swift; sourceTree = "<group>"; };
		20FE9DAC2968756400730DDB /* Assets.xcassets */ = {isa = PBXFileReference; lastKnownFileType = folder.assetcatalog; path = Assets.xcassets; sourceTree = "<group>"; };
		20FE9DAF2968756400730DDB /* Preview Assets.xcassets */ = {isa = PBXFileReference; lastKnownFileType = folder.assetcatalog; path = "Preview Assets.xcassets"; sourceTree = "<group>"; };
		20FE9DB62969BBA500730DDB /*  Zikr.swift */ = {isa = PBXFileReference; lastKnownFileType = sourcecode.swift; path = " Zikr.swift"; sourceTree = "<group>"; };
		20FE9DBF2969CE2300730DDB /* ZikrRowView.swift */ = {isa = PBXFileReference; lastKnownFileType = sourcecode.swift; path = ZikrRowView.swift; sourceTree = "<group>"; };
		20FE9DC12969CEB500730DDB /* ZikrMock.swift */ = {isa = PBXFileReference; lastKnownFileType = sourcecode.swift; path = ZikrMock.swift; sourceTree = "<group>"; };
/* End PBXFileReference section */

/* Begin PBXFrameworksBuildPhase section */
		20FE9DA22968756400730DDB /* Frameworks */ = {
			isa = PBXFrameworksBuildPhase;
			buildActionMask = 2147483647;
			files = (
				20FE9DBC2969BF1D00730DDB /* RealmSwift in Frameworks */,
				20FE9DBA2969BF1D00730DDB /* Realm in Frameworks */,
			);
			runOnlyForDeploymentPostprocessing = 0;
		};
/* End PBXFrameworksBuildPhase section */

/* Begin PBXGroup section */
		206349922979D62B00E010A2 /* Sound */ = {
			isa = PBXGroup;
			children = (
				206349902979D61300E010A2 /* clickSound.wav */,
			);
			path = Sound;
			sourceTree = "<group>";
		};
		206349932979D64B00E010A2 /* Views */ = {
			isa = PBXGroup;
			children = (
				20CD24CD296B401300796F02 /* ZikrCounterView.swift */,
				20895E75296AE8F1002234B6 /* ZikrListView.swift */,
				20FE9DBF2969CE2300730DDB /* ZikrRowView.swift */,
				20202C2A296AC00A00CF61F9 /* ZikrFormView.swift */,
			);
			path = Views;
			sourceTree = "<group>";
		};
		206349942979D67B00E010A2 /* Models */ = {
			isa = PBXGroup;
			children = (
				20FE9DB62969BBA500730DDB /*  Zikr.swift */,
				20FE9DC12969CEB500730DDB /* ZikrMock.swift */,
				20305FC32974865A00904083 /* ColorGradients.swift */,
			);
			path = Models;
			sourceTree = "<group>";
		};
		206349952979D69600E010A2 /* View Model */ = {
			isa = PBXGroup;
			children = (
				2087928C297028F3007FDCDD /* ViewModel.swift */,
			);
			path = "View Model";
			sourceTree = "<group>";
		};
		20FE9D9C2968756300730DDB = {
			isa = PBXGroup;
			children = (
				20FE9DA72968756400730DDB /* ZikrCounter */,
				20FE9DA62968756400730DDB /* Products */,
			);
			sourceTree = "<group>";
		};
		20FE9DA62968756400730DDB /* Products */ = {
			isa = PBXGroup;
			children = (
				20FE9DA52968756400730DDB /* ZikrCounter.app */,
			);
			name = Products;
			sourceTree = "<group>";
		};
		20FE9DA72968756400730DDB /* ZikrCounter */ = {
			isa = PBXGroup;
			children = (
				20FE9DA82968756400730DDB /* ZikrCounterApp.swift */,
				20FE9DAA2968756400730DDB /* ContentView.swift */,
				206349932979D64B00E010A2 /* Views */,
				206349952979D69600E010A2 /* View Model */,
				206349942979D67B00E010A2 /* Models */,
				206349922979D62B00E010A2 /* Sound */,
				20FE9DAC2968756400730DDB /* Assets.xcassets */,
				20FE9DAE2968756400730DDB /* Preview Content */,
			);
			path = ZikrCounter;
			sourceTree = "<group>";
		};
		20FE9DAE2968756400730DDB /* Preview Content */ = {
			isa = PBXGroup;
			children = (
				20FE9DAF2968756400730DDB /* Preview Assets.xcassets */,
			);
			path = "Preview Content";
			sourceTree = "<group>";
		};
/* End PBXGroup section */

/* Begin PBXNativeTarget section */
		20FE9DA42968756400730DDB /* ZikrCounter */ = {
			isa = PBXNativeTarget;
			buildConfigurationList = 20FE9DB32968756400730DDB /* Build configuration list for PBXNativeTarget "ZikrCounter" */;
			buildPhases = (
				20FE9DA12968756400730DDB /* Sources */,
				20FE9DA22968756400730DDB /* Frameworks */,
				20FE9DA32968756400730DDB /* Resources */,
			);
			buildRules = (
			);
			dependencies = (
			);
			name = ZikrCounter;
			packageProductDependencies = (
				20FE9DB92969BF1D00730DDB /* Realm */,
				20FE9DBB2969BF1D00730DDB /* RealmSwift */,
			);
			productName = ZikrCounter;
			productReference = 20FE9DA52968756400730DDB /* ZikrCounter.app */;
			productType = "com.apple.product-type.application";
		};
/* End PBXNativeTarget section */

/* Begin PBXProject section */
		20FE9D9D2968756300730DDB /* Project object */ = {
			isa = PBXProject;
			attributes = {
				BuildIndependentTargetsInParallel = 1;
				LastSwiftUpdateCheck = 1420;
				LastUpgradeCheck = 1420;
				TargetAttributes = {
					20FE9DA42968756400730DDB = {
						CreatedOnToolsVersion = 14.2;
					};
				};
			};
			buildConfigurationList = 20FE9DA02968756300730DDB /* Build configuration list for PBXProject "ZikrCounter" */;
			compatibilityVersion = "Xcode 14.0";
			developmentRegion = en;
			hasScannedForEncodings = 0;
			knownRegions = (
				en,
				Base,
			);
			mainGroup = 20FE9D9C2968756300730DDB;
			packageReferences = (
				20FE9DB82969BF1D00730DDB /* XCRemoteSwiftPackageReference "realm-swift" */,
			);
			productRefGroup = 20FE9DA62968756400730DDB /* Products */;
			projectDirPath = "";
			projectRoot = "";
			targets = (
				20FE9DA42968756400730DDB /* ZikrCounter */,
			);
		};
/* End PBXProject section */

/* Begin PBXResourcesBuildPhase section */
		20FE9DA32968756400730DDB /* Resources */ = {
			isa = PBXResourcesBuildPhase;
			buildActionMask = 2147483647;
			files = (
				20FE9DB02968756400730DDB /* Preview Assets.xcassets in Resources */,
				20FE9DAD2968756400730DDB /* Assets.xcassets in Resources */,
				206349912979D61300E010A2 /* clickSound.wav in Resources */,
			);
			runOnlyForDeploymentPostprocessing = 0;
		};
/* End PBXResourcesBuildPhase section */

/* Begin PBXSourcesBuildPhase section */
		20FE9DA12968756400730DDB /* Sources */ = {
			isa = PBXSourcesBuildPhase;
			buildActionMask = 2147483647;
			files = (
				20FE9DB72969BBA500730DDB /*  Zikr.swift in Sources */,
				2087928D297028F3007FDCDD /* ViewModel.swift in Sources */,
				20FE9DAB2968756400730DDB /* ContentView.swift in Sources */,
				20FE9DA92968756400730DDB /* ZikrCounterApp.swift in Sources */,
				20CD24CE296B401300796F02 /* ZikrCounterView.swift in Sources */,
				20FE9DC22969CEB500730DDB /* ZikrMock.swift in Sources */,
				20202C2B296AC00A00CF61F9 /* ZikrFormView.swift in Sources */,
				20305FC42974865A00904083 /* ColorGradients.swift in Sources */,
				20895E76296AE8F1002234B6 /* ZikrListView.swift in Sources */,
				20FE9DC02969CE2300730DDB /* ZikrRowView.swift in Sources */,
			);
			runOnlyForDeploymentPostprocessing = 0;
		};
/* End PBXSourcesBuildPhase section */

/* Begin XCBuildConfiguration section */
		20FE9DB12968756400730DDB /* Debug */ = {
			isa = XCBuildConfiguration;
			buildSettings = {
				ALWAYS_SEARCH_USER_PATHS = NO;
				CLANG_ANALYZER_NONNULL = YES;
				CLANG_ANALYZER_NUMBER_OBJECT_CONVERSION = YES_AGGRESSIVE;
				CLANG_CXX_LANGUAGE_STANDARD = "gnu++20";
				CLANG_ENABLE_MODULES = YES;
				CLANG_ENABLE_OBJC_ARC = YES;
				CLANG_ENABLE_OBJC_WEAK = YES;
				CLANG_WARN_BLOCK_CAPTURE_AUTORELEASING = YES;
				CLANG_WARN_BOOL_CONVERSION = YES;
				CLANG_WARN_COMMA = YES;
				CLANG_WARN_CONSTANT_CONVERSION = YES;
				CLANG_WARN_DEPRECATED_OBJC_IMPLEMENTATIONS = YES;
				CLANG_WARN_DIRECT_OBJC_ISA_USAGE = YES_ERROR;
				CLANG_WARN_DOCUMENTATION_COMMENTS = YES;
				CLANG_WARN_EMPTY_BODY = YES;
				CLANG_WARN_ENUM_CONVERSION = YES;
				CLANG_WARN_INFINITE_RECURSION = YES;
				CLANG_WARN_INT_CONVERSION = YES;
				CLANG_WARN_NON_LITERAL_NULL_CONVERSION = YES;
				CLANG_WARN_OBJC_IMPLICIT_RETAIN_SELF = YES;
				CLANG_WARN_OBJC_LITERAL_CONVERSION = YES;
				CLANG_WARN_OBJC_ROOT_CLASS = YES_ERROR;
				CLANG_WARN_QUOTED_INCLUDE_IN_FRAMEWORK_HEADER = YES;
				CLANG_WARN_RANGE_LOOP_ANALYSIS = YES;
				CLANG_WARN_STRICT_PROTOTYPES = YES;
				CLANG_WARN_SUSPICIOUS_MOVE = YES;
				CLANG_WARN_UNGUARDED_AVAILABILITY = YES_AGGRESSIVE;
				CLANG_WARN_UNREACHABLE_CODE = YES;
				CLANG_WARN__DUPLICATE_METHOD_MATCH = YES;
				COPY_PHASE_STRIP = NO;
				DEBUG_INFORMATION_FORMAT = dwarf;
				ENABLE_STRICT_OBJC_MSGSEND = YES;
				ENABLE_TESTABILITY = YES;
				GCC_C_LANGUAGE_STANDARD = gnu11;
				GCC_DYNAMIC_NO_PIC = NO;
				GCC_NO_COMMON_BLOCKS = YES;
				GCC_OPTIMIZATION_LEVEL = 0;
				GCC_PREPROCESSOR_DEFINITIONS = (
					"DEBUG=1",
					"$(inherited)",
				);
				GCC_WARN_64_TO_32_BIT_CONVERSION = YES;
				GCC_WARN_ABOUT_RETURN_TYPE = YES_ERROR;
				GCC_WARN_UNDECLARED_SELECTOR = YES;
				GCC_WARN_UNINITIALIZED_AUTOS = YES_AGGRESSIVE;
				GCC_WARN_UNUSED_FUNCTION = YES;
				GCC_WARN_UNUSED_VARIABLE = YES;
				IPHONEOS_DEPLOYMENT_TARGET = 16.2;
				MTL_ENABLE_DEBUG_INFO = INCLUDE_SOURCE;
				MTL_FAST_MATH = YES;
				ONLY_ACTIVE_ARCH = YES;
				SDKROOT = iphoneos;
				SWIFT_ACTIVE_COMPILATION_CONDITIONS = DEBUG;
				SWIFT_OPTIMIZATION_LEVEL = "-Onone";
			};
			name = Debug;
		};
		20FE9DB22968756400730DDB /* Release */ = {
			isa = XCBuildConfiguration;
			buildSettings = {
				ALWAYS_SEARCH_USER_PATHS = NO;
				CLANG_ANALYZER_NONNULL = YES;
				CLANG_ANALYZER_NUMBER_OBJECT_CONVERSION = YES_AGGRESSIVE;
				CLANG_CXX_LANGUAGE_STANDARD = "gnu++20";
				CLANG_ENABLE_MODULES = YES;
				CLANG_ENABLE_OBJC_ARC = YES;
				CLANG_ENABLE_OBJC_WEAK = YES;
				CLANG_WARN_BLOCK_CAPTURE_AUTORELEASING = YES;
				CLANG_WARN_BOOL_CONVERSION = YES;
				CLANG_WARN_COMMA = YES;
				CLANG_WARN_CONSTANT_CONVERSION = YES;
				CLANG_WARN_DEPRECATED_OBJC_IMPLEMENTATIONS = YES;
				CLANG_WARN_DIRECT_OBJC_ISA_USAGE = YES_ERROR;
				CLANG_WARN_DOCUMENTATION_COMMENTS = YES;
				CLANG_WARN_EMPTY_BODY = YES;
				CLANG_WARN_ENUM_CONVERSION = YES;
				CLANG_WARN_INFINITE_RECURSION = YES;
				CLANG_WARN_INT_CONVERSION = YES;
				CLANG_WARN_NON_LITERAL_NULL_CONVERSION = YES;
				CLANG_WARN_OBJC_IMPLICIT_RETAIN_SELF = YES;
				CLANG_WARN_OBJC_LITERAL_CONVERSION = YES;
				CLANG_WARN_OBJC_ROOT_CLASS = YES_ERROR;
				CLANG_WARN_QUOTED_INCLUDE_IN_FRAMEWORK_HEADER = YES;
				CLANG_WARN_RANGE_LOOP_ANALYSIS = YES;
				CLANG_WARN_STRICT_PROTOTYPES = YES;
				CLANG_WARN_SUSPICIOUS_MOVE = YES;
				CLANG_WARN_UNGUARDED_AVAILABILITY = YES_AGGRESSIVE;
				CLANG_WARN_UNREACHABLE_CODE = YES;
				CLANG_WARN__DUPLICATE_METHOD_MATCH = YES;
				COPY_PHASE_STRIP = NO;
				DEBUG_INFORMATION_FORMAT = "dwarf-with-dsym";
				ENABLE_NS_ASSERTIONS = NO;
				ENABLE_STRICT_OBJC_MSGSEND = YES;
				GCC_C_LANGUAGE_STANDARD = gnu11;
				GCC_NO_COMMON_BLOCKS = YES;
				GCC_WARN_64_TO_32_BIT_CONVERSION = YES;
				GCC_WARN_ABOUT_RETURN_TYPE = YES_ERROR;
				GCC_WARN_UNDECLARED_SELECTOR = YES;
				GCC_WARN_UNINITIALIZED_AUTOS = YES_AGGRESSIVE;
				GCC_WARN_UNUSED_FUNCTION = YES;
				GCC_WARN_UNUSED_VARIABLE = YES;
				IPHONEOS_DEPLOYMENT_TARGET = 16.2;
				MTL_ENABLE_DEBUG_INFO = NO;
				MTL_FAST_MATH = YES;
				SDKROOT = iphoneos;
				SWIFT_COMPILATION_MODE = wholemodule;
				SWIFT_OPTIMIZATION_LEVEL = "-O";
				VALIDATE_PRODUCT = YES;
			};
			name = Release;
		};
		20FE9DB42968756400730DDB /* Debug */ = {
			isa = XCBuildConfiguration;
			buildSettings = {
				ASSETCATALOG_COMPILER_APPICON_NAME = AppIcon;
				ASSETCATALOG_COMPILER_GLOBAL_ACCENT_COLOR_NAME = AccentColor;
				CODE_SIGN_STYLE = Automatic;
				CURRENT_PROJECT_VERSION = 1;
				DEVELOPMENT_ASSET_PATHS = "\"ZikrCounter/Preview Content\"";
				DEVELOPMENT_TEAM = ZC2RZX2F24;
				ENABLE_PREVIEWS = YES;
				GENERATE_INFOPLIST_FILE = YES;
				INFOPLIST_KEY_UIApplicationSceneManifest_Generation = YES;
				INFOPLIST_KEY_UIApplicationSupportsIndirectInputEvents = YES;
				INFOPLIST_KEY_UILaunchScreen_Generation = YES;
				INFOPLIST_KEY_UISupportedInterfaceOrientations_iPad = "UIInterfaceOrientationPortrait UIInterfaceOrientationPortraitUpsideDown UIInterfaceOrientationLandscapeLeft UIInterfaceOrientationLandscapeRight";
				INFOPLIST_KEY_UISupportedInterfaceOrientations_iPhone = "UIInterfaceOrientationPortrait UIInterfaceOrientationLandscapeLeft UIInterfaceOrientationLandscapeRight";
				IPHONEOS_DEPLOYMENT_TARGET = 16.0;
				LD_RUNPATH_SEARCH_PATHS = (
					"$(inherited)",
					"@executable_path/Frameworks",
				);
				MARKETING_VERSION = 1.0;
				PRODUCT_BUNDLE_IDENTIFIER = dauka.ZikrCounter;
				PRODUCT_NAME = "$(TARGET_NAME)";
				SWIFT_EMIT_LOC_STRINGS = YES;
				SWIFT_VERSION = 5.0;
				TARGETED_DEVICE_FAMILY = "1,2";
			};
			name = Debug;
		};
		20FE9DB52968756400730DDB /* Release */ = {
			isa = XCBuildConfiguration;
			buildSettings = {
				ASSETCATALOG_COMPILER_APPICON_NAME = AppIcon;
				ASSETCATALOG_COMPILER_GLOBAL_ACCENT_COLOR_NAME = AccentColor;
				CODE_SIGN_STYLE = Automatic;
				CURRENT_PROJECT_VERSION = 1;
				DEVELOPMENT_ASSET_PATHS = "\"ZikrCounter/Preview Content\"";
				DEVELOPMENT_TEAM = ZC2RZX2F24;
				ENABLE_PREVIEWS = YES;
				GENERATE_INFOPLIST_FILE = YES;
				INFOPLIST_KEY_UIApplicationSceneManifest_Generation = YES;
				INFOPLIST_KEY_UIApplicationSupportsIndirectInputEvents = YES;
				INFOPLIST_KEY_UILaunchScreen_Generation = YES;
				INFOPLIST_KEY_UISupportedInterfaceOrientations_iPad = "UIInterfaceOrientationPortrait UIInterfaceOrientationPortraitUpsideDown UIInterfaceOrientationLandscapeLeft UIInterfaceOrientationLandscapeRight";
				INFOPLIST_KEY_UISupportedInterfaceOrientations_iPhone = "UIInterfaceOrientationPortrait UIInterfaceOrientationLandscapeLeft UIInterfaceOrientationLandscapeRight";
				IPHONEOS_DEPLOYMENT_TARGET = 16.0;
				LD_RUNPATH_SEARCH_PATHS = (
					"$(inherited)",
					"@executable_path/Frameworks",
				);
				MARKETING_VERSION = 1.0;
				PRODUCT_BUNDLE_IDENTIFIER = dauka.ZikrCounter;
				PRODUCT_NAME = "$(TARGET_NAME)";
				SWIFT_EMIT_LOC_STRINGS = YES;
				SWIFT_VERSION = 5.0;
				TARGETED_DEVICE_FAMILY = "1,2";
			};
			name = Release;
		};
/* End XCBuildConfiguration section */

/* Begin XCConfigurationList section */
		20FE9DA02968756300730DDB /* Build configuration list for PBXProject "ZikrCounter" */ = {
			isa = XCConfigurationList;
			buildConfigurations = (
				20FE9DB12968756400730DDB /* Debug */,
				20FE9DB22968756400730DDB /* Release */,
			);
			defaultConfigurationIsVisible = 0;
			defaultConfigurationName = Release;
		};
		20FE9DB32968756400730DDB /* Build configuration list for PBXNativeTarget "ZikrCounter" */ = {
			isa = XCConfigurationList;
			buildConfigurations = (
				20FE9DB42968756400730DDB /* Debug */,
				20FE9DB52968756400730DDB /* Release */,
			);
			defaultConfigurationIsVisible = 0;
			defaultConfigurationName = Release;
		};
/* End XCConfigurationList section */

/* Begin XCRemoteSwiftPackageReference section */
		20FE9DB82969BF1D00730DDB /* XCRemoteSwiftPackageReference "realm-swift" */ = {
			isa = XCRemoteSwiftPackageReference;
			repositoryURL = "https://github.com/realm/realm-swift";
			requirement = {
				kind = upToNextMajorVersion;
				minimumVersion = 10.33.0;
			};
		};
/* End XCRemoteSwiftPackageReference section */

/* Begin XCSwiftPackageProductDependency section */
		20FE9DB92969BF1D00730DDB /* Realm */ = {
			isa = XCSwiftPackageProductDependency;
			package = 20FE9DB82969BF1D00730DDB /* XCRemoteSwiftPackageReference "realm-swift" */;
			productName = Realm;
		};
		20FE9DBB2969BF1D00730DDB /* RealmSwift */ = {
			isa = XCSwiftPackageProductDependency;
			package = 20FE9DB82969BF1D00730DDB /* XCRemoteSwiftPackageReference "realm-swift" */;
			productName = RealmSwift;
		};
/* End XCSwiftPackageProductDependency section */
	};
	rootObject = 20FE9D9D2968756300730DDB /* Project object */;
}
